# THIS IS AN AUTOGENERATED FILE. DO NOT EDIT THIS FILE DIRECTLY.
# yarn lockfile v1


a-csv@2.0.0:
  version "2.0.0"
  resolved "https://registry.yarnpkg.com/a-csv/-/a-csv-2.0.0.tgz#b97e10b11c89d6e6ba2d158864aaffb055c1e5ae"
  dependencies:
    bug-killer "^1.0.0"
    clp "^1.2.0"
    fs-plus "^2.8.1"
    iconv-lite "^0.4.8"
    is-there "^2.0.0"

ansi-parser@1.3.0:
  version "1.3.0"
  resolved "https://registry.yarnpkg.com/ansi-parser/-/ansi-parser-1.3.0.tgz#2ccf167aa6a60389a7f71624f376bb6f7fd571df"

ansi-parser@1.4.0, ansi-parser@^1.4.0:
  version "1.4.0"
  resolved "https://registry.yarnpkg.com/ansi-parser/-/ansi-parser-1.4.0.tgz#9fbf1d7f48351da5a8ebc8a7ce65ac8a09e2e14a"

async@^1.5.2:
  version "1.5.2"
  resolved "https://registry.yarnpkg.com/async/-/async-1.5.2.tgz#ec6a61ae56480c0c3cb241c95618e20892f9672a"

balanced-match@^1.0.0:
  version "1.0.2"
  resolved "https://registry.yarnpkg.com/balanced-match/-/balanced-match-1.0.2.tgz#e83e3a7e3f300b34cb9d87f615fa0cbf357690ee"

brace-expansion@^1.1.7:
  version "1.1.11"
  resolved "https://registry.yarnpkg.com/brace-expansion/-/brace-expansion-1.1.11.tgz#3c7fcbf529d87226f3d2f52b966ff5271eb441dd"
  dependencies:
    balanced-match "^1.0.0"
    concat-map "0.0.1"

bug-killer@^1.0.0:
  version "1.0.0"
  resolved "https://registry.yarnpkg.com/bug-killer/-/bug-killer-1.0.0.tgz#be7b463fa5a70ee09b28d9e7da9de09086a213ea"
  dependencies:
    couleurs "^1.1.0"

cli-box@^2.1.1:
  version "2.1.1"
  resolved "https://registry.yarnpkg.com/cli-box/-/cli-box-2.1.1.tgz#b371176975777956f88250a320069764cffde982"
  dependencies:
    ansi-parser "1.3.0"

clp@^1.2.0:
  version "1.2.0"
  resolved "https://registry.yarnpkg.com/clp/-/clp-1.2.0.tgz#7258408b6a8f5a43c393c9a41517ab415ce822cc"
  dependencies:
    ansi-parser "^1.4.0"
    le-table "^2.1.0"
    ul "^2.1.0"

concat-map@0.0.1:
  version "0.0.1"
  resolved "https://registry.yarnpkg.com/concat-map/-/concat-map-0.0.1.tgz#d8a96bd77fd68df7793a73036a3ba0d5405d477b"

couleurs@^1.1.0:
  version "1.1.0"
  resolved "https://registry.yarnpkg.com/couleurs/-/couleurs-1.1.0.tgz#7ac5fc7e56959bf38f0bf771c5fc25761dd7c6ce"
  dependencies:
    x256 "~0.0.1"

csv-to-array@^1.0.2:
  version "1.0.2"
  resolved "https://registry.yarnpkg.com/csv-to-array/-/csv-to-array-1.0.2.tgz#3bb5322f23b439f0ae85784757c397cb29513dd9"
  dependencies:
    a-csv "2.0.0"

fs-plus@^2.8.1:
  version "2.10.1"
  resolved "https://registry.yarnpkg.com/fs-plus/-/fs-plus-2.10.1.tgz#3204781d7840611e6364e7b6fb058c96327c5aa5"
  dependencies:
    async "^1.5.2"
    mkdirp "^0.5.1"
    rimraf "^2.5.2"
    underscore-plus "1.x"

fs.realpath@^1.0.0:
  version "1.0.0"
  resolved "https://registry.yarnpkg.com/fs.realpath/-/fs.realpath-1.0.0.tgz#1504ad2523158caa40db4a2787cb01411994ea4f"

glob@^7.0.5:
  version "7.1.2"
  resolved "https://registry.yarnpkg.com/glob/-/glob-7.1.2.tgz#c19c9df9a028702d678612384a6552404c636d15"
  dependencies:
    fs.realpath "^1.0.0"
    inflight "^1.0.4"
    inherits "2"
    minimatch "^3.0.4"
    once "^1.3.0"
    path-is-absolute "^1.0.0"

iconv-lite@^0.4.8:
  version "0.4.19"
  resolved "https://registry.yarnpkg.com/iconv-lite/-/iconv-lite-0.4.19.tgz#f7468f60135f5e5dad3399c0a81be9a1603a082b"

inflight@^1.0.4:
  version "1.0.6"
  resolved "https://registry.yarnpkg.com/inflight/-/inflight-1.0.6.tgz#49bd6331d7d02d0c09bc910a1075ba8165b56df9"
  dependencies:
    once "^1.3.0"
    wrappy "1"

inherits@2:
  version "2.0.3"
  resolved "https://registry.yarnpkg.com/inherits/-/inherits-2.0.3.tgz#633c2c83e3da42a502f52466022480f4208261de"

is-there@^2.0.0:
  version "2.0.0"
  resolved "https://registry.yarnpkg.com/is-there/-/is-there-2.0.0.tgz#7b0bae792b8ec56d29bbc04f870032ad0767df70"

le-table@^2.1.0:
  version "2.2.0"
  resolved "https://registry.yarnpkg.com/le-table/-/le-table-2.2.0.tgz#5dadd29cf819bed536e3d4014282044a60296f79"
  dependencies:
    cli-box "^2.1.1"
    overlap "^1.5.0"
    ul "2.1.0"

minimatch@^3.0.4:
  version "3.1.2"
  resolved "https://registry.yarnpkg.com/minimatch/-/minimatch-3.1.2.tgz#19cd194bfd3e428f049a70817c038d89ab4be35b"
  dependencies:
    brace-expansion "^1.1.7"

minimist@0.0.8:
  version "0.0.8"
  resolved "https://registry.yarnpkg.com/minimist/-/minimist-0.0.8.tgz#857fcabfc3397d2625b8228262e86aa7a011b05d"

mkdirp@^0.5.1:
  version "0.5.1"
  resolved "https://registry.yarnpkg.com/mkdirp/-/mkdirp-0.5.1.tgz#30057438eac6cf7f8c4767f38648d6697d75c903"
  dependencies:
    minimist "0.0.8"

once@^1.3.0:
  version "1.4.0"
  resolved "https://registry.yarnpkg.com/once/-/once-1.4.0.tgz#583b1aa775961d4b113ac17d9c50baef9dd76bd1"
  dependencies:
    wrappy "1"

overlap@^1.5.0:
  version "1.5.0"
  resolved "https://registry.yarnpkg.com/overlap/-/overlap-1.5.0.tgz#f5a956522257e2a660e96b4fb191eac6c8906aad"
  dependencies:
    ansi-parser "1.4.0"

path-is-absolute@^1.0.0:
  version "1.0.1"
  resolved "https://registry.yarnpkg.com/path-is-absolute/-/path-is-absolute-1.0.1.tgz#174b9268735534ffbc7ace6bf53a5a9e1b5c5f5f"

rimraf@^2.5.2:
  version "2.6.2"
  resolved "https://registry.yarnpkg.com/rimraf/-/rimraf-2.6.2.tgz#2ed8150d24a16ea8651e6d6ef0f47c4158ce7a36"
  dependencies:
    glob "^7.0.5"

ul@2.1.0, ul@^2.1.0:
  version "2.1.0"
  resolved "https://registry.yarnpkg.com/ul/-/ul-2.1.0.tgz#2e9c5039e39512840aefb862f25938e118bc563f"

underscore-plus@1.x:
  version "1.6.6"
  resolved "https://registry.yarnpkg.com/underscore-plus/-/underscore-plus-1.6.6.tgz#65ecde1bdc441a35d89e650fd70dcf13ae439a7d"
  dependencies:
    underscore "~1.6.0"

underscore@~1.6.0:
  version "1.6.0"
  resolved "https://registry.yarnpkg.com/underscore/-/underscore-1.6.0.tgz#8b38b10cacdef63337b8b24e4ff86d45aea529a8"

wrappy@1:
  version "1.0.2"
  resolved "https://registry.yarnpkg.com/wrappy/-/wrappy-1.0.2.tgz#b5243d8f3ec1aa35f1364605bc0d1036e30ab69f"

x256@~0.0.1:
  version "0.0.2"
  resolved "https://registry.yarnpkg.com/x256/-/x256-0.0.2.tgz#c9af18876f7a175801d564fe70ad9e8317784934"
